// !$*UTF8*$!
{
	archiveVersion = 1;
	classes = {
	};
	objectVersion = 56;
	objects = {

/* Begin PBXBuildFile section */
		8D11A7012A16D5900071024B /* utils.swift in Sources */ = {isa = PBXBuildFile; fileRef = 8D11A7002A16D5900071024B /* utils.swift */; };
		8DA848AF2A1461CB00B4CFE0 /* FloatingPanel in Frameworks */ = {isa = PBXBuildFile; productRef = 8D4D126B2A14389C00498343 /* FloatingPanel */; };
		8DBA0E652A12CE77005F6789 /* FullTossApp.swift in Sources */ = {isa = PBXBuildFile; fileRef = 8DBA0E642A12CE77005F6789 /* FullTossApp.swift */; };
		8DBA0E692A12CE78005F6789 /* Assets.xcassets in Resources */ = {isa = PBXBuildFile; fileRef = 8DBA0E682A12CE78005F6789 /* Assets.xcassets */; };
		8DBA0E6C2A12CE78005F6789 /* Preview Assets.xcassets in Resources */ = {isa = PBXBuildFile; fileRef = 8DBA0E6B2A12CE78005F6789 /* Preview Assets.xcassets */; };
		8DBA0E762A12CE7A005F6789 /* FullTossTests.swift in Sources */ = {isa = PBXBuildFile; fileRef = 8DBA0E752A12CE7A005F6789 /* FullTossTests.swift */; };
		8DBA0E802A12CE7A005F6789 /* FullTossUITests.swift in Sources */ = {isa = PBXBuildFile; fileRef = 8DBA0E7F2A12CE7A005F6789 /* FullTossUITests.swift */; };
		8DBA0E822A12CE7A005F6789 /* FullTossUITestsLaunchTests.swift in Sources */ = {isa = PBXBuildFile; fileRef = 8DBA0E812A12CE7A005F6789 /* FullTossUITestsLaunchTests.swift */; };
		8DBA0E8F2A12DBAF005F6789 /* TeamAUi.swift in Sources */ = {isa = PBXBuildFile; fileRef = 8DBA0E8E2A12DBAF005F6789 /* TeamAUi.swift */; };
		8DBA0E932A12F068005F6789 /* HomeUi.swift in Sources */ = {isa = PBXBuildFile; fileRef = 8DBA0E922A12F068005F6789 /* HomeUi.swift */; };
		8DE3A76A2A17AAE70024C7FF /* MatchesManager.swift in Sources */ = {isa = PBXBuildFile; fileRef = 8DE3A7692A17AAE70024C7FF /* MatchesManager.swift */; };
		8DE3A76C2A17AF980024C7FF /* NewMatchPreScreen.swift in Sources */ = {isa = PBXBuildFile; fileRef = 8DE3A76B2A17AF980024C7FF /* NewMatchPreScreen.swift */; };
		8DE3A76E2A17D2A50024C7FF /* LiveIndicator.swift in Sources */ = {isa = PBXBuildFile; fileRef = 8DE3A76D2A17D2A50024C7FF /* LiveIndicator.swift */; };
		8DE3A7702A17D74C0024C7FF /* ToBeDeleted.swift in Sources */ = {isa = PBXBuildFile; fileRef = 8DE3A76F2A17D74C0024C7FF /* ToBeDeleted.swift */; };
		8DE3A7732A17D9ED0024C7FF /* UBottomSheet in Frameworks */ = {isa = PBXBuildFile; productRef = 8DE3A7722A17D9ED0024C7FF /* UBottomSheet */; };
		8DE3A7752A17E4DE0024C7FF /* FirstInningsMenu.swift in Sources */ = {isa = PBXBuildFile; fileRef = 8DE3A7742A17E4DE0024C7FF /* FirstInningsMenu.swift */; };
		8DE3A7772A17F7780024C7FF /* AfterInningsEndButton.swift in Sources */ = {isa = PBXBuildFile; fileRef = 8DE3A7762A17F7780024C7FF /* AfterInningsEndButton.swift */; };
		8DE3A7792A17FB3B0024C7FF /* TeamBUi.swift in Sources */ = {isa = PBXBuildFile; fileRef = 8DE3A7782A17FB3B0024C7FF /* TeamBUi.swift */; };
		8DE3A77B2A17FF080024C7FF /* SecondInningsMenu.swift in Sources */ = {isa = PBXBuildFile; fileRef = 8DE3A77A2A17FF080024C7FF /* SecondInningsMenu.swift */; };
		8DE3A77D2A1808140024C7FF /* MatchSummaryUi.swift in Sources */ = {isa = PBXBuildFile; fileRef = 8DE3A77C2A1808140024C7FF /* MatchSummaryUi.swift */; };
		8DE3A7812A180DCC0024C7FF /* Match.swift in Sources */ = {isa = PBXBuildFile; fileRef = 8DE3A7802A180DCC0024C7FF /* Match.swift */; };
		8DFD7D232A14F5E500C24667 /* CircularButton.swift in Sources */ = {isa = PBXBuildFile; fileRef = 8DFD7D222A14F5E500C24667 /* CircularButton.swift */; };
		8DFD7D5F2A152C9E00C24667 /* ControlPanel.swift in Sources */ = {isa = PBXBuildFile; fileRef = 8DFD7D5E2A152C9E00C24667 /* ControlPanel.swift */; };
		8DFD7D612A152CFB00C24667 /* ThisOver.swift in Sources */ = {isa = PBXBuildFile; fileRef = 8DFD7D602A152CFB00C24667 /* ThisOver.swift */; };
		8DFD7D632A152DF000C24667 /*  BattingExtraStats.swift in Sources */ = {isa = PBXBuildFile; fileRef = 8DFD7D622A152DF000C24667 /*  BattingExtraStats.swift */; };
		8DFD7D652A152EA400C24667 /* YetToBat.swift in Sources */ = {isa = PBXBuildFile; fileRef = 8DFD7D642A152EA400C24667 /* YetToBat.swift */; };
		8DFD7D682A15308000C24667 /* TeamScoreBoard.swift in Sources */ = {isa = PBXBuildFile; fileRef = 8DFD7D672A15308000C24667 /* TeamScoreBoard.swift */; };
		8DFD7D6C2A15325E00C24667 /* TeamScoreBoardViewModel.swift in Sources */ = {isa = PBXBuildFile; fileRef = 8DFD7D6B2A15325E00C24667 /* TeamScoreBoardViewModel.swift */; };
		8DFD7D702A15633700C24667 /* MainScore.swift in Sources */ = {isa = PBXBuildFile; fileRef = 8DFD7D6F2A15633700C24667 /* MainScore.swift */; };
		8DFD7D722A15795700C24667 /* ScoreBoardViewModelTests.swift in Sources */ = {isa = PBXBuildFile; fileRef = 8DFD7D712A15795700C24667 /* ScoreBoardViewModelTests.swift */; };
/* End PBXBuildFile section */

/* Begin PBXContainerItemProxy section */
		8DBA0E722A12CE7A005F6789 /* PBXContainerItemProxy */ = {
			isa = PBXContainerItemProxy;
			containerPortal = 8DBA0E592A12CE77005F6789 /* Project object */;
			proxyType = 1;
			remoteGlobalIDString = 8DBA0E602A12CE77005F6789;
			remoteInfo = FullToss;
		};
		8DBA0E7C2A12CE7A005F6789 /* PBXContainerItemProxy */ = {
			isa = PBXContainerItemProxy;
			containerPortal = 8DBA0E592A12CE77005F6789 /* Project object */;
			proxyType = 1;
			remoteGlobalIDString = 8DBA0E602A12CE77005F6789;
			remoteInfo = FullToss;
		};
/* End PBXContainerItemProxy section */

/* Begin PBXFileReference section */
		8D11A7002A16D5900071024B /* utils.swift */ = {isa = PBXFileReference; lastKnownFileType = sourcecode.swift; path = utils.swift; sourceTree = "<group>"; };
		8DBA0E612A12CE77005F6789 /* FullToss.app */ = {isa = PBXFileReference; explicitFileType = wrapper.application; includeInIndex = 0; path = FullToss.app; sourceTree = BUILT_PRODUCTS_DIR; };
		8DBA0E642A12CE77005F6789 /* FullTossApp.swift */ = {isa = PBXFileReference; lastKnownFileType = sourcecode.swift; path = FullTossApp.swift; sourceTree = "<group>"; };
		8DBA0E682A12CE78005F6789 /* Assets.xcassets */ = {isa = PBXFileReference; lastKnownFileType = folder.assetcatalog; path = Assets.xcassets; sourceTree = "<group>"; };
		8DBA0E6B2A12CE78005F6789 /* Preview Assets.xcassets */ = {isa = PBXFileReference; lastKnownFileType = folder.assetcatalog; path = "Preview Assets.xcassets"; sourceTree = "<group>"; };
		8DBA0E712A12CE7A005F6789 /* FullTossTests.xctest */ = {isa = PBXFileReference; explicitFileType = wrapper.cfbundle; includeInIndex = 0; path = FullTossTests.xctest; sourceTree = BUILT_PRODUCTS_DIR; };
		8DBA0E752A12CE7A005F6789 /* FullTossTests.swift */ = {isa = PBXFileReference; lastKnownFileType = sourcecode.swift; path = FullTossTests.swift; sourceTree = "<group>"; };
		8DBA0E7B2A12CE7A005F6789 /* FullTossUITests.xctest */ = {isa = PBXFileReference; explicitFileType = wrapper.cfbundle; includeInIndex = 0; path = FullTossUITests.xctest; sourceTree = BUILT_PRODUCTS_DIR; };
		8DBA0E7F2A12CE7A005F6789 /* FullTossUITests.swift */ = {isa = PBXFileReference; lastKnownFileType = sourcecode.swift; path = FullTossUITests.swift; sourceTree = "<group>"; };
		8DBA0E812A12CE7A005F6789 /* FullTossUITestsLaunchTests.swift */ = {isa = PBXFileReference; lastKnownFileType = sourcecode.swift; path = FullTossUITestsLaunchTests.swift; sourceTree = "<group>"; };
		8DBA0E8E2A12DBAF005F6789 /* TeamAUi.swift */ = {isa = PBXFileReference; lastKnownFileType = sourcecode.swift; path = TeamAUi.swift; sourceTree = "<group>"; };
		8DBA0E922A12F068005F6789 /* HomeUi.swift */ = {isa = PBXFileReference; lastKnownFileType = sourcecode.swift; path = HomeUi.swift; sourceTree = "<group>"; };
		8DE3A7692A17AAE70024C7FF /* MatchesManager.swift */ = {isa = PBXFileReference; fileEncoding = 4; lastKnownFileType = sourcecode.swift; path = MatchesManager.swift; sourceTree = "<group>"; };
		8DE3A76B2A17AF980024C7FF /* NewMatchPreScreen.swift */ = {isa = PBXFileReference; lastKnownFileType = sourcecode.swift; path = NewMatchPreScreen.swift; sourceTree = "<group>"; };
		8DE3A76D2A17D2A50024C7FF /* LiveIndicator.swift */ = {isa = PBXFileReference; fileEncoding = 4; lastKnownFileType = sourcecode.swift; path = LiveIndicator.swift; sourceTree = "<group>"; };
		8DE3A76F2A17D74C0024C7FF /* ToBeDeleted.swift */ = {isa = PBXFileReference; lastKnownFileType = sourcecode.swift; path = ToBeDeleted.swift; sourceTree = "<group>"; };
		8DE3A7742A17E4DE0024C7FF /* FirstInningsMenu.swift */ = {isa = PBXFileReference; lastKnownFileType = sourcecode.swift; path = FirstInningsMenu.swift; sourceTree = "<group>"; };
		8DE3A7762A17F7780024C7FF /* AfterInningsEndButton.swift */ = {isa = PBXFileReference; fileEncoding = 4; lastKnownFileType = sourcecode.swift; path = AfterInningsEndButton.swift; sourceTree = "<group>"; };
		8DE3A7782A17FB3B0024C7FF /* TeamBUi.swift */ = {isa = PBXFileReference; fileEncoding = 4; lastKnownFileType = sourcecode.swift; path = TeamBUi.swift; sourceTree = "<group>"; };
		8DE3A77A2A17FF080024C7FF /* SecondInningsMenu.swift */ = {isa = PBXFileReference; fileEncoding = 4; lastKnownFileType = sourcecode.swift; path = SecondInningsMenu.swift; sourceTree = "<group>"; };
		8DE3A77C2A1808140024C7FF /* MatchSummaryUi.swift */ = {isa = PBXFileReference; lastKnownFileType = sourcecode.swift; path = MatchSummaryUi.swift; sourceTree = "<group>"; };
		8DE3A7802A180DCC0024C7FF /* Match.swift */ = {isa = PBXFileReference; lastKnownFileType = sourcecode.swift; path = Match.swift; sourceTree = "<group>"; };
		8DFD7D222A14F5E500C24667 /* CircularButton.swift */ = {isa = PBXFileReference; lastKnownFileType = sourcecode.swift; path = CircularButton.swift; sourceTree = "<group>"; };
		8DFD7D5E2A152C9E00C24667 /* ControlPanel.swift */ = {isa = PBXFileReference; lastKnownFileType = sourcecode.swift; path = ControlPanel.swift; sourceTree = "<group>"; };
		8DFD7D602A152CFB00C24667 /* ThisOver.swift */ = {isa = PBXFileReference; lastKnownFileType = sourcecode.swift; path = ThisOver.swift; sourceTree = "<group>"; };
		8DFD7D622A152DF000C24667 /*  BattingExtraStats.swift */ = {isa = PBXFileReference; lastKnownFileType = sourcecode.swift; path = " BattingExtraStats.swift"; sourceTree = "<group>"; };
		8DFD7D642A152EA400C24667 /* YetToBat.swift */ = {isa = PBXFileReference; fileEncoding = 4; lastKnownFileType = sourcecode.swift; path = YetToBat.swift; sourceTree = "<group>"; };
		8DFD7D672A15308000C24667 /* TeamScoreBoard.swift */ = {isa = PBXFileReference; lastKnownFileType = sourcecode.swift; path = TeamScoreBoard.swift; sourceTree = "<group>"; };
		8DFD7D6B2A15325E00C24667 /* TeamScoreBoardViewModel.swift */ = {isa = PBXFileReference; lastKnownFileType = sourcecode.swift; path = TeamScoreBoardViewModel.swift; sourceTree = "<group>"; };
		8DFD7D6F2A15633700C24667 /* MainScore.swift */ = {isa = PBXFileReference; fileEncoding = 4; lastKnownFileType = sourcecode.swift; path = MainScore.swift; sourceTree = "<group>"; };
		8DFD7D712A15795700C24667 /* ScoreBoardViewModelTests.swift */ = {isa = PBXFileReference; lastKnownFileType = sourcecode.swift; path = ScoreBoardViewModelTests.swift; sourceTree = "<group>"; };
/* End PBXFileReference section */

/* Begin PBXFrameworksBuildPhase section */
		8DBA0E5E2A12CE77005F6789 /* Frameworks */ = {
			isa = PBXFrameworksBuildPhase;
			buildActionMask = 2147483647;
			files = (
				8DA848AF2A1461CB00B4CFE0 /* FloatingPanel in Frameworks */,
				8DE3A7732A17D9ED0024C7FF /* UBottomSheet in Frameworks */,
			);
			runOnlyForDeploymentPostprocessing = 0;
		};
		8DBA0E6E2A12CE7A005F6789 /* Frameworks */ = {
			isa = PBXFrameworksBuildPhase;
			buildActionMask = 2147483647;
			files = (
			);
			runOnlyForDeploymentPostprocessing = 0;
		};
		8DBA0E782A12CE7A005F6789 /* Frameworks */ = {
			isa = PBXFrameworksBuildPhase;
			buildActionMask = 2147483647;
			files = (
			);
			runOnlyForDeploymentPostprocessing = 0;
		};
/* End PBXFrameworksBuildPhase section */

/* Begin PBXGroup section */
		8DBA0E582A12CE77005F6789 = {
			isa = PBXGroup;
			children = (
				8DBA0E632A12CE77005F6789 /* FullToss */,
				8DBA0E742A12CE7A005F6789 /* FullTossTests */,
				8DBA0E7E2A12CE7A005F6789 /* FullTossUITests */,
				8DBA0E622A12CE77005F6789 /* Products */,
			);
			sourceTree = "<group>";
		};
		8DBA0E622A12CE77005F6789 /* Products */ = {
			isa = PBXGroup;
			children = (
				8DBA0E612A12CE77005F6789 /* FullToss.app */,
				8DBA0E712A12CE7A005F6789 /* FullTossTests.xctest */,
				8DBA0E7B2A12CE7A005F6789 /* FullTossUITests.xctest */,
			);
			name = Products;
			sourceTree = "<group>";
		};
		8DBA0E632A12CE77005F6789 /* FullToss */ = {
			isa = PBXGroup;
			children = (
				8DFD7D6A2A1531D100C24667 /* Views */,
				8DFD7D692A1531B200C24667 /* ViewModels */,
				8DFD7D662A15301900C24667 /* Models */,
				8DBA0E642A12CE77005F6789 /* FullTossApp.swift */,
				8DBA0E682A12CE78005F6789 /* Assets.xcassets */,
				8DBA0E6A2A12CE78005F6789 /* Preview Content */,
				8D11A7002A16D5900071024B /* utils.swift */,
			);
			path = FullToss;
			sourceTree = "<group>";
		};
		8DBA0E6A2A12CE78005F6789 /* Preview Content */ = {
			isa = PBXGroup;
			children = (
				8DBA0E6B2A12CE78005F6789 /* Preview Assets.xcassets */,
			);
			path = "Preview Content";
			sourceTree = "<group>";
		};
		8DBA0E742A12CE7A005F6789 /* FullTossTests */ = {
			isa = PBXGroup;
			children = (
				8DBA0E752A12CE7A005F6789 /* FullTossTests.swift */,
				8DFD7D712A15795700C24667 /* ScoreBoardViewModelTests.swift */,
			);
			path = FullTossTests;
			sourceTree = "<group>";
		};
		8DBA0E7E2A12CE7A005F6789 /* FullTossUITests */ = {
			isa = PBXGroup;
			children = (
				8DBA0E7F2A12CE7A005F6789 /* FullTossUITests.swift */,
				8DBA0E812A12CE7A005F6789 /* FullTossUITestsLaunchTests.swift */,
			);
			path = FullTossUITests;
			sourceTree = "<group>";
		};
		8DFD7D212A14F5C500C24667 /* Components */ = {
			isa = PBXGroup;
			children = (
				8DFD7D222A14F5E500C24667 /* CircularButton.swift */,
				8DE3A7762A17F7780024C7FF /* AfterInningsEndButton.swift */,
				8DE3A76D2A17D2A50024C7FF /* LiveIndicator.swift */,
				8DFD7D5E2A152C9E00C24667 /* ControlPanel.swift */,
				8DFD7D602A152CFB00C24667 /* ThisOver.swift */,
				8DFD7D642A152EA400C24667 /* YetToBat.swift */,
				8DFD7D622A152DF000C24667 /*  BattingExtraStats.swift */,
				8DFD7D6F2A15633700C24667 /* MainScore.swift */,
				8DE3A7742A17E4DE0024C7FF /* FirstInningsMenu.swift */,
				8DE3A77A2A17FF080024C7FF /* SecondInningsMenu.swift */,
			);
			path = Components;
			sourceTree = "<group>";
		};
		8DFD7D662A15301900C24667 /* Models */ = {
			isa = PBXGroup;
			children = (
				8DFD7D672A15308000C24667 /* TeamScoreBoard.swift */,
				8DE3A7802A180DCC0024C7FF /* Match.swift */,
			);
			path = Models;
			sourceTree = "<group>";
		};
		8DFD7D692A1531B200C24667 /* ViewModels */ = {
			isa = PBXGroup;
			children = (
				8DFD7D6B2A15325E00C24667 /* TeamScoreBoardViewModel.swift */,
				8DE3A7692A17AAE70024C7FF /* MatchesManager.swift */,
			);
			path = ViewModels;
			sourceTree = "<group>";
		};
		8DFD7D6A2A1531D100C24667 /* Views */ = {
			isa = PBXGroup;
			children = (
				8DE3A76B2A17AF980024C7FF /* NewMatchPreScreen.swift */,
				8DBA0E8E2A12DBAF005F6789 /* TeamAUi.swift */,
				8DE3A7782A17FB3B0024C7FF /* TeamBUi.swift */,
				8DBA0E922A12F068005F6789 /* HomeUi.swift */,
				8DE3A77C2A1808140024C7FF /* MatchSummaryUi.swift */,
				8DFD7D212A14F5C500C24667 /* Components */,
				8DE3A76F2A17D74C0024C7FF /* ToBeDeleted.swift */,
			);
			path = Views;
			sourceTree = "<group>";
		};
/* End PBXGroup section */

/* Begin PBXNativeTarget section */
		8DBA0E602A12CE77005F6789 /* FullToss */ = {
			isa = PBXNativeTarget;
			buildConfigurationList = 8DBA0E852A12CE7A005F6789 /* Build configuration list for PBXNativeTarget "FullToss" */;
			buildPhases = (
				8DBA0E5D2A12CE77005F6789 /* Sources */,
				8DBA0E5E2A12CE77005F6789 /* Frameworks */,
				8DBA0E5F2A12CE77005F6789 /* Resources */,
			);
			buildRules = (
			);
			dependencies = (
			);
			name = FullToss;
			packageProductDependencies = (
				8D4D126B2A14389C00498343 /* FloatingPanel */,
				8DE3A7722A17D9ED0024C7FF /* UBottomSheet */,
			);
			productName = FullToss;
			productReference = 8DBA0E612A12CE77005F6789 /* FullToss.app */;
			productType = "com.apple.product-type.application";
		};
		8DBA0E702A12CE7A005F6789 /* FullTossTests */ = {
			isa = PBXNativeTarget;
			buildConfigurationList = 8DBA0E882A12CE7A005F6789 /* Build configuration list for PBXNativeTarget "FullTossTests" */;
			buildPhases = (
				8DBA0E6D2A12CE7A005F6789 /* Sources */,
				8DBA0E6E2A12CE7A005F6789 /* Frameworks */,
				8DBA0E6F2A12CE7A005F6789 /* Resources */,
			);
			buildRules = (
			);
			dependencies = (
				8DBA0E732A12CE7A005F6789 /* PBXTargetDependency */,
			);
			name = FullTossTests;
			productName = FullTossTests;
			productReference = 8DBA0E712A12CE7A005F6789 /* FullTossTests.xctest */;
			productType = "com.apple.product-type.bundle.unit-test";
		};
		8DBA0E7A2A12CE7A005F6789 /* FullTossUITests */ = {
			isa = PBXNativeTarget;
			buildConfigurationList = 8DBA0E8B2A12CE7A005F6789 /* Build configuration list for PBXNativeTarget "FullTossUITests" */;
			buildPhases = (
				8DBA0E772A12CE7A005F6789 /* Sources */,
				8DBA0E782A12CE7A005F6789 /* Frameworks */,
				8DBA0E792A12CE7A005F6789 /* Resources */,
			);
			buildRules = (
			);
			dependencies = (
				8DBA0E7D2A12CE7A005F6789 /* PBXTargetDependency */,
			);
			name = FullTossUITests;
			productName = FullTossUITests;
			productReference = 8DBA0E7B2A12CE7A005F6789 /* FullTossUITests.xctest */;
			productType = "com.apple.product-type.bundle.ui-testing";
		};
/* End PBXNativeTarget section */

/* Begin PBXProject section */
		8DBA0E592A12CE77005F6789 /* Project object */ = {
			isa = PBXProject;
			attributes = {
				BuildIndependentTargetsInParallel = 1;
				LastSwiftUpdateCheck = 1430;
				LastUpgradeCheck = 1430;
				TargetAttributes = {
					8DBA0E602A12CE77005F6789 = {
						CreatedOnToolsVersion = 14.3;
					};
					8DBA0E702A12CE7A005F6789 = {
						CreatedOnToolsVersion = 14.3;
						TestTargetID = 8DBA0E602A12CE77005F6789;
					};
					8DBA0E7A2A12CE7A005F6789 = {
						CreatedOnToolsVersion = 14.3;
						TestTargetID = 8DBA0E602A12CE77005F6789;
					};
				};
			};
			buildConfigurationList = 8DBA0E5C2A12CE77005F6789 /* Build configuration list for PBXProject "FullToss" */;
			compatibilityVersion = "Xcode 14.0";
			developmentRegion = en;
			hasScannedForEncodings = 0;
			knownRegions = (
				en,
				Base,
			);
			mainGroup = 8DBA0E582A12CE77005F6789;
			packageReferences = (
				8D4D126A2A14389C00498343 /* XCRemoteSwiftPackageReference "FloatingPanel" */,
				8DE3A7712A17D9ED0024C7FF /* XCRemoteSwiftPackageReference "UBottomSheet" */,
			);
			productRefGroup = 8DBA0E622A12CE77005F6789 /* Products */;
			projectDirPath = "";
			projectRoot = "";
			targets = (
				8DBA0E602A12CE77005F6789 /* FullToss */,
				8DBA0E702A12CE7A005F6789 /* FullTossTests */,
				8DBA0E7A2A12CE7A005F6789 /* FullTossUITests */,
			);
		};
/* End PBXProject section */

/* Begin PBXResourcesBuildPhase section */
		8DBA0E5F2A12CE77005F6789 /* Resources */ = {
			isa = PBXResourcesBuildPhase;
			buildActionMask = 2147483647;
			files = (
				8DBA0E6C2A12CE78005F6789 /* Preview Assets.xcassets in Resources */,
				8DBA0E692A12CE78005F6789 /* Assets.xcassets in Resources */,
			);
			runOnlyForDeploymentPostprocessing = 0;
		};
		8DBA0E6F2A12CE7A005F6789 /* Resources */ = {
			isa = PBXResourcesBuildPhase;
			buildActionMask = 2147483647;
			files = (
			);
			runOnlyForDeploymentPostprocessing = 0;
		};
		8DBA0E792A12CE7A005F6789 /* Resources */ = {
			isa = PBXResourcesBuildPhase;
			buildActionMask = 2147483647;
			files = (
			);
			runOnlyForDeploymentPostprocessing = 0;
		};
/* End PBXResourcesBuildPhase section */

/* Begin PBXSourcesBuildPhase section */
		8DBA0E5D2A12CE77005F6789 /* Sources */ = {
			isa = PBXSourcesBuildPhase;
			buildActionMask = 2147483647;
			files = (
				8DBA0E932A12F068005F6789 /* HomeUi.swift in Sources */,
				8DE3A76C2A17AF980024C7FF /* NewMatchPreScreen.swift in Sources */,
				8DE3A77D2A1808140024C7FF /* MatchSummaryUi.swift in Sources */,
				8DFD7D632A152DF000C24667 /*  BattingExtraStats.swift in Sources */,
				8DE3A7792A17FB3B0024C7FF /* TeamBUi.swift in Sources */,
				8DE3A7702A17D74C0024C7FF /* ToBeDeleted.swift in Sources */,
				8DE3A7752A17E4DE0024C7FF /* FirstInningsMenu.swift in Sources */,
				8DFD7D612A152CFB00C24667 /* ThisOver.swift in Sources */,
				8DE3A7772A17F7780024C7FF /* AfterInningsEndButton.swift in Sources */,
				8DFD7D232A14F5E500C24667 /* CircularButton.swift in Sources */,
				8DE3A77B2A17FF080024C7FF /* SecondInningsMenu.swift in Sources */,
				8DE3A7812A180DCC0024C7FF /* Match.swift in Sources */,
				8DE3A76A2A17AAE70024C7FF /* MatchesManager.swift in Sources */,
				8DFD7D702A15633700C24667 /* MainScore.swift in Sources */,
				8DBA0E8F2A12DBAF005F6789 /* TeamAUi.swift in Sources */,
				8D11A7012A16D5900071024B /* utils.swift in Sources */,
				8DFD7D652A152EA400C24667 /* YetToBat.swift in Sources */,
				8DFD7D6C2A15325E00C24667 /* TeamScoreBoardViewModel.swift in Sources */,
				8DE3A76E2A17D2A50024C7FF /* LiveIndicator.swift in Sources */,
				8DBA0E652A12CE77005F6789 /* FullTossApp.swift in Sources */,
				8DFD7D5F2A152C9E00C24667 /* ControlPanel.swift in Sources */,
				8DFD7D682A15308000C24667 /* TeamScoreBoard.swift in Sources */,
			);
			runOnlyForDeploymentPostprocessing = 0;
		};
		8DBA0E6D2A12CE7A005F6789 /* Sources */ = {
			isa = PBXSourcesBuildPhase;
			buildActionMask = 2147483647;
			files = (
				8DFD7D722A15795700C24667 /* ScoreBoardViewModelTests.swift in Sources */,
				8DBA0E762A12CE7A005F6789 /* FullTossTests.swift in Sources */,
			);
			runOnlyForDeploymentPostprocessing = 0;
		};
		8DBA0E772A12CE7A005F6789 /* Sources */ = {
			isa = PBXSourcesBuildPhase;
			buildActionMask = 2147483647;
			files = (
				8DBA0E822A12CE7A005F6789 /* FullTossUITestsLaunchTests.swift in Sources */,
				8DBA0E802A12CE7A005F6789 /* FullTossUITests.swift in Sources */,
			);
			runOnlyForDeploymentPostprocessing = 0;
		};
/* End PBXSourcesBuildPhase section */

/* Begin PBXTargetDependency section */
		8DBA0E732A12CE7A005F6789 /* PBXTargetDependency */ = {
			isa = PBXTargetDependency;
			target = 8DBA0E602A12CE77005F6789 /* FullToss */;
			targetProxy = 8DBA0E722A12CE7A005F6789 /* PBXContainerItemProxy */;
		};
		8DBA0E7D2A12CE7A005F6789 /* PBXTargetDependency */ = {
			isa = PBXTargetDependency;
			target = 8DBA0E602A12CE77005F6789 /* FullToss */;
			targetProxy = 8DBA0E7C2A12CE7A005F6789 /* PBXContainerItemProxy */;
		};
/* End PBXTargetDependency section */

/* Begin XCBuildConfiguration section */
		8DBA0E832A12CE7A005F6789 /* Debug */ = {
			isa = XCBuildConfiguration;
			buildSettings = {
				ALWAYS_SEARCH_USER_PATHS = NO;
				CLANG_ANALYZER_NONNULL = YES;
				CLANG_ANALYZER_NUMBER_OBJECT_CONVERSION = YES_AGGRESSIVE;
				CLANG_CXX_LANGUAGE_STANDARD = "gnu++20";
				CLANG_ENABLE_MODULES = YES;
				CLANG_ENABLE_OBJC_ARC = YES;
				CLANG_ENABLE_OBJC_WEAK = YES;
				CLANG_WARN_BLOCK_CAPTURE_AUTORELEASING = YES;
				CLANG_WARN_BOOL_CONVERSION = YES;
				CLANG_WARN_COMMA = YES;
				CLANG_WARN_CONSTANT_CONVERSION = YES;
				CLANG_WARN_DEPRECATED_OBJC_IMPLEMENTATIONS = YES;
				CLANG_WARN_DIRECT_OBJC_ISA_USAGE = YES_ERROR;
				CLANG_WARN_DOCUMENTATION_COMMENTS = YES;
				CLANG_WARN_EMPTY_BODY = YES;
				CLANG_WARN_ENUM_CONVERSION = YES;
				CLANG_WARN_INFINITE_RECURSION = YES;
				CLANG_WARN_INT_CONVERSION = YES;
				CLANG_WARN_NON_LITERAL_NULL_CONVERSION = YES;
				CLANG_WARN_OBJC_IMPLICIT_RETAIN_SELF = YES;
				CLANG_WARN_OBJC_LITERAL_CONVERSION = YES;
				CLANG_WARN_OBJC_ROOT_CLASS = YES_ERROR;
				CLANG_WARN_QUOTED_INCLUDE_IN_FRAMEWORK_HEADER = YES;
				CLANG_WARN_RANGE_LOOP_ANALYSIS = YES;
				CLANG_WARN_STRICT_PROTOTYPES = YES;
				CLANG_WARN_SUSPICIOUS_MOVE = YES;
				CLANG_WARN_UNGUARDED_AVAILABILITY = YES_AGGRESSIVE;
				CLANG_WARN_UNREACHABLE_CODE = YES;
				CLANG_WARN__DUPLICATE_METHOD_MATCH = YES;
				COPY_PHASE_STRIP = NO;
				DEBUG_INFORMATION_FORMAT = dwarf;
				ENABLE_STRICT_OBJC_MSGSEND = YES;
				ENABLE_TESTABILITY = YES;
				GCC_C_LANGUAGE_STANDARD = gnu11;
				GCC_DYNAMIC_NO_PIC = NO;
				GCC_NO_COMMON_BLOCKS = YES;
				GCC_OPTIMIZATION_LEVEL = 0;
				GCC_PREPROCESSOR_DEFINITIONS = (
					"DEBUG=1",
					"$(inherited)",
				);
				GCC_WARN_64_TO_32_BIT_CONVERSION = YES;
				GCC_WARN_ABOUT_RETURN_TYPE = YES_ERROR;
				GCC_WARN_UNDECLARED_SELECTOR = YES;
				GCC_WARN_UNINITIALIZED_AUTOS = YES_AGGRESSIVE;
				GCC_WARN_UNUSED_FUNCTION = YES;
				GCC_WARN_UNUSED_VARIABLE = YES;
				IPHONEOS_DEPLOYMENT_TARGET = 16.4;
				MTL_ENABLE_DEBUG_INFO = INCLUDE_SOURCE;
				MTL_FAST_MATH = YES;
				ONLY_ACTIVE_ARCH = YES;
				SDKROOT = iphoneos;
				SWIFT_ACTIVE_COMPILATION_CONDITIONS = DEBUG;
				SWIFT_OPTIMIZATION_LEVEL = "-Onone";
			};
			name = Debug;
		};
		8DBA0E842A12CE7A005F6789 /* Release */ = {
			isa = XCBuildConfiguration;
			buildSettings = {
				ALWAYS_SEARCH_USER_PATHS = NO;
				CLANG_ANALYZER_NONNULL = YES;
				CLANG_ANALYZER_NUMBER_OBJECT_CONVERSION = YES_AGGRESSIVE;
				CLANG_CXX_LANGUAGE_STANDARD = "gnu++20";
				CLANG_ENABLE_MODULES = YES;
				CLANG_ENABLE_OBJC_ARC = YES;
				CLANG_ENABLE_OBJC_WEAK = YES;
				CLANG_WARN_BLOCK_CAPTURE_AUTORELEASING = YES;
				CLANG_WARN_BOOL_CONVERSION = YES;
				CLANG_WARN_COMMA = YES;
				CLANG_WARN_CONSTANT_CONVERSION = YES;
				CLANG_WARN_DEPRECATED_OBJC_IMPLEMENTATIONS = YES;
				CLANG_WARN_DIRECT_OBJC_ISA_USAGE = YES_ERROR;
				CLANG_WARN_DOCUMENTATION_COMMENTS = YES;
				CLANG_WARN_EMPTY_BODY = YES;
				CLANG_WARN_ENUM_CONVERSION = YES;
				CLANG_WARN_INFINITE_RECURSION = YES;
				CLANG_WARN_INT_CONVERSION = YES;
				CLANG_WARN_NON_LITERAL_NULL_CONVERSION = YES;
				CLANG_WARN_OBJC_IMPLICIT_RETAIN_SELF = YES;
				CLANG_WARN_OBJC_LITERAL_CONVERSION = YES;
				CLANG_WARN_OBJC_ROOT_CLASS = YES_ERROR;
				CLANG_WARN_QUOTED_INCLUDE_IN_FRAMEWORK_HEADER = YES;
				CLANG_WARN_RANGE_LOOP_ANALYSIS = YES;
				CLANG_WARN_STRICT_PROTOTYPES = YES;
				CLANG_WARN_SUSPICIOUS_MOVE = YES;
				CLANG_WARN_UNGUARDED_AVAILABILITY = YES_AGGRESSIVE;
				CLANG_WARN_UNREACHABLE_CODE = YES;
				CLANG_WARN__DUPLICATE_METHOD_MATCH = YES;
				COPY_PHASE_STRIP = NO;
				DEBUG_INFORMATION_FORMAT = "dwarf-with-dsym";
				ENABLE_NS_ASSERTIONS = NO;
				ENABLE_STRICT_OBJC_MSGSEND = YES;
				GCC_C_LANGUAGE_STANDARD = gnu11;
				GCC_NO_COMMON_BLOCKS = YES;
				GCC_WARN_64_TO_32_BIT_CONVERSION = YES;
				GCC_WARN_ABOUT_RETURN_TYPE = YES_ERROR;
				GCC_WARN_UNDECLARED_SELECTOR = YES;
				GCC_WARN_UNINITIALIZED_AUTOS = YES_AGGRESSIVE;
				GCC_WARN_UNUSED_FUNCTION = YES;
				GCC_WARN_UNUSED_VARIABLE = YES;
				IPHONEOS_DEPLOYMENT_TARGET = 16.4;
				MTL_ENABLE_DEBUG_INFO = NO;
				MTL_FAST_MATH = YES;
				SDKROOT = iphoneos;
				SWIFT_COMPILATION_MODE = wholemodule;
				SWIFT_OPTIMIZATION_LEVEL = "-O";
				VALIDATE_PRODUCT = YES;
			};
			name = Release;
		};
		8DBA0E862A12CE7A005F6789 /* Debug */ = {
			isa = XCBuildConfiguration;
			buildSettings = {
				ASSETCATALOG_COMPILER_APPICON_NAME = AppIcon;
				ASSETCATALOG_COMPILER_GLOBAL_ACCENT_COLOR_NAME = AccentColor;
				CODE_SIGN_STYLE = Automatic;
				CURRENT_PROJECT_VERSION = 1;
				DEVELOPMENT_ASSET_PATHS = "\"FullToss/Preview Content\"";
				DEVELOPMENT_TEAM = S8QW3AN65C;
				ENABLE_PREVIEWS = YES;
				GENERATE_INFOPLIST_FILE = YES;
				INFOPLIST_KEY_CFBundleDisplayName = "Full Toss";
				INFOPLIST_KEY_LSApplicationCategoryType = "public.app-category.sports";
				INFOPLIST_KEY_UIApplicationSceneManifest_Generation = YES;
				INFOPLIST_KEY_UIApplicationSupportsIndirectInputEvents = YES;
				INFOPLIST_KEY_UILaunchScreen_Generation = YES;
				INFOPLIST_KEY_UISupportedInterfaceOrientations = UIInterfaceOrientationPortrait;
				INFOPLIST_KEY_UISupportedInterfaceOrientations_iPad = "UIInterfaceOrientationLandscapeLeft UIInterfaceOrientationLandscapeRight UIInterfaceOrientationPortrait UIInterfaceOrientationPortraitUpsideDown";
				LD_RUNPATH_SEARCH_PATHS = (
					"$(inherited)",
					"@executable_path/Frameworks",
				);
				MARKETING_VERSION = 1.0;
				PRODUCT_BUNDLE_IDENTIFIER = amitshinde.FullToss;
				PRODUCT_NAME = "$(TARGET_NAME)";
				SUPPORTED_PLATFORMS = "iphoneos iphonesimulator";
				SUPPORTS_MACCATALYST = NO;
				SUPPORTS_MAC_DESIGNED_FOR_IPHONE_IPAD = NO;
				SWIFT_EMIT_LOC_STRINGS = YES;
				SWIFT_VERSION = 5.0;
				TARGETED_DEVICE_FAMILY = 1;
			};
			name = Debug;
		};
		8DBA0E872A12CE7A005F6789 /* Release */ = {
			isa = XCBuildConfiguration;
			buildSettings = {
				ASSETCATALOG_COMPILER_APPICON_NAME = AppIcon;
				ASSETCATALOG_COMPILER_GLOBAL_ACCENT_COLOR_NAME = AccentColor;
				CODE_SIGN_STYLE = Automatic;
				CURRENT_PROJECT_VERSION = 1;
				DEVELOPMENT_ASSET_PATHS = "\"FullToss/Preview Content\"";
				DEVELOPMENT_TEAM = S8QW3AN65C;
				ENABLE_PREVIEWS = YES;
				GENERATE_INFOPLIST_FILE = YES;
				INFOPLIST_KEY_CFBundleDisplayName = "Full Toss";
				INFOPLIST_KEY_LSApplicationCategoryType = "public.app-category.sports";
				INFOPLIST_KEY_UIApplicationSceneManifest_Generation = YES;
				INFOPLIST_KEY_UIApplicationSupportsIndirectInputEvents = YES;
				INFOPLIST_KEY_UILaunchScreen_Generation = YES;
				INFOPLIST_KEY_UISupportedInterfaceOrientations = UIInterfaceOrientationPortrait;
				INFOPLIST_KEY_UISupportedInterfaceOrientations_iPad = "UIInterfaceOrientationLandscapeLeft UIInterfaceOrientationLandscapeRight UIInterfaceOrientationPortrait UIInterfaceOrientationPortraitUpsideDown";
				LD_RUNPATH_SEARCH_PATHS = (
					"$(inherited)",
					"@executable_path/Frameworks",
				);
				MARKETING_VERSION = 1.0;
				PRODUCT_BUNDLE_IDENTIFIER = amitshinde.FullToss;
				PRODUCT_NAME = "$(TARGET_NAME)";
				SUPPORTED_PLATFORMS = "iphoneos iphonesimulator";
				SUPPORTS_MACCATALYST = NO;
				SUPPORTS_MAC_DESIGNED_FOR_IPHONE_IPAD = NO;
				SWIFT_EMIT_LOC_STRINGS = YES;
				SWIFT_VERSION = 5.0;
				TARGETED_DEVICE_FAMILY = 1;
			};
			name = Release;
		};
		8DBA0E892A12CE7A005F6789 /* Debug */ = {
			isa = XCBuildConfiguration;
			buildSettings = {
				ALWAYS_EMBED_SWIFT_STANDARD_LIBRARIES = YES;
				BUNDLE_LOADER = "$(TEST_HOST)";
				CODE_SIGN_STYLE = Automatic;
				CURRENT_PROJECT_VERSION = 1;
				GENERATE_INFOPLIST_FILE = YES;
				IPHONEOS_DEPLOYMENT_TARGET = 16.4;
				MARKETING_VERSION = 1.0;
				PRODUCT_BUNDLE_IDENTIFIER = amitshinde.FullTossTests;
				PRODUCT_NAME = "$(TARGET_NAME)";
				SWIFT_EMIT_LOC_STRINGS = NO;
				SWIFT_VERSION = 5.0;
				TARGETED_DEVICE_FAMILY = "1,2";
				TEST_HOST = "$(BUILT_PRODUCTS_DIR)/FullToss.app/$(BUNDLE_EXECUTABLE_FOLDER_PATH)/FullToss";
			};
			name = Debug;
		};
		8DBA0E8A2A12CE7A005F6789 /* Release */ = {
			isa = XCBuildConfiguration;
			buildSettings = {
				ALWAYS_EMBED_SWIFT_STANDARD_LIBRARIES = YES;
				BUNDLE_LOADER = "$(TEST_HOST)";
				CODE_SIGN_STYLE = Automatic;
				CURRENT_PROJECT_VERSION = 1;
				GENERATE_INFOPLIST_FILE = YES;
				IPHONEOS_DEPLOYMENT_TARGET = 16.4;
				MARKETING_VERSION = 1.0;
				PRODUCT_BUNDLE_IDENTIFIER = amitshinde.FullTossTests;
				PRODUCT_NAME = "$(TARGET_NAME)";
				SWIFT_EMIT_LOC_STRINGS = NO;
				SWIFT_VERSION = 5.0;
				TARGETED_DEVICE_FAMILY = "1,2";
				TEST_HOST = "$(BUILT_PRODUCTS_DIR)/FullToss.app/$(BUNDLE_EXECUTABLE_FOLDER_PATH)/FullToss";
			};
			name = Release;
		};
		8DBA0E8C2A12CE7A005F6789 /* Debug */ = {
			isa = XCBuildConfiguration;
			buildSettings = {
				ALWAYS_EMBED_SWIFT_STANDARD_LIBRARIES = YES;
				CODE_SIGN_STYLE = Automatic;
				CURRENT_PROJECT_VERSION = 1;
				GENERATE_INFOPLIST_FILE = YES;
				MARKETING_VERSION = 1.0;
				PRODUCT_BUNDLE_IDENTIFIER = amitshinde.FullTossUITests;
				PRODUCT_NAME = "$(TARGET_NAME)";
				SWIFT_EMIT_LOC_STRINGS = NO;
				SWIFT_VERSION = 5.0;
				TARGETED_DEVICE_FAMILY = "1,2";
				TEST_TARGET_NAME = FullToss;
			};
			name = Debug;
		};
		8DBA0E8D2A12CE7A005F6789 /* Release */ = {
			isa = XCBuildConfiguration;
			buildSettings = {
				ALWAYS_EMBED_SWIFT_STANDARD_LIBRARIES = YES;
				CODE_SIGN_STYLE = Automatic;
				CURRENT_PROJECT_VERSION = 1;
				GENERATE_INFOPLIST_FILE = YES;
				MARKETING_VERSION = 1.0;
				PRODUCT_BUNDLE_IDENTIFIER = amitshinde.FullTossUITests;
				PRODUCT_NAME = "$(TARGET_NAME)";
				SWIFT_EMIT_LOC_STRINGS = NO;
				SWIFT_VERSION = 5.0;
				TARGETED_DEVICE_FAMILY = "1,2";
				TEST_TARGET_NAME = FullToss;
			};
			name = Release;
		};
/* End XCBuildConfiguration section */

/* Begin XCConfigurationList section */
		8DBA0E5C2A12CE77005F6789 /* Build configuration list for PBXProject "FullToss" */ = {
			isa = XCConfigurationList;
			buildConfigurations = (
				8DBA0E832A12CE7A005F6789 /* Debug */,
				8DBA0E842A12CE7A005F6789 /* Release */,
			);
			defaultConfigurationIsVisible = 0;
			defaultConfigurationName = Release;
		};
		8DBA0E852A12CE7A005F6789 /* Build configuration list for PBXNativeTarget "FullToss" */ = {
			isa = XCConfigurationList;
			buildConfigurations = (
				8DBA0E862A12CE7A005F6789 /* Debug */,
				8DBA0E872A12CE7A005F6789 /* Release */,
			);
			defaultConfigurationIsVisible = 0;
			defaultConfigurationName = Release;
		};
		8DBA0E882A12CE7A005F6789 /* Build configuration list for PBXNativeTarget "FullTossTests" */ = {
			isa = XCConfigurationList;
			buildConfigurations = (
				8DBA0E892A12CE7A005F6789 /* Debug */,
				8DBA0E8A2A12CE7A005F6789 /* Release */,
			);
			defaultConfigurationIsVisible = 0;
			defaultConfigurationName = Release;
		};
		8DBA0E8B2A12CE7A005F6789 /* Build configuration list for PBXNativeTarget "FullTossUITests" */ = {
			isa = XCConfigurationList;
			buildConfigurations = (
				8DBA0E8C2A12CE7A005F6789 /* Debug */,
				8DBA0E8D2A12CE7A005F6789 /* Release */,
			);
			defaultConfigurationIsVisible = 0;
			defaultConfigurationName = Release;
		};
/* End XCConfigurationList section */

/* Begin XCRemoteSwiftPackageReference section */
		8D4D126A2A14389C00498343 /* XCRemoteSwiftPackageReference "FloatingPanel" */ = {
			isa = XCRemoteSwiftPackageReference;
			repositoryURL = "https://github.com/scenee/FloatingPanel";
			requirement = {
				kind = upToNextMajorVersion;
				minimumVersion = 2.0.0;
			};
		};
		8DE3A7712A17D9ED0024C7FF /* XCRemoteSwiftPackageReference "UBottomSheet" */ = {
			isa = XCRemoteSwiftPackageReference;
			repositoryURL = "https://github.com/OfTheWolf/UBottomSheet";
			requirement = {
				kind = upToNextMajorVersion;
				minimumVersion = 1.0.0;
			};
		};
/* End XCRemoteSwiftPackageReference section */

/* Begin XCSwiftPackageProductDependency section */
		8D4D126B2A14389C00498343 /* FloatingPanel */ = {
			isa = XCSwiftPackageProductDependency;
			package = 8D4D126A2A14389C00498343 /* XCRemoteSwiftPackageReference "FloatingPanel" */;
			productName = FloatingPanel;
		};
		8DE3A7722A17D9ED0024C7FF /* UBottomSheet */ = {
			isa = XCSwiftPackageProductDependency;
			package = 8DE3A7712A17D9ED0024C7FF /* XCRemoteSwiftPackageReference "UBottomSheet" */;
			productName = UBottomSheet;
		};
/* End XCSwiftPackageProductDependency section */
	};
	rootObject = 8DBA0E592A12CE77005F6789 /* Project object */;
}
